
Microsoft Visual Studio Solution File, Format Version 12.00
# Visual Studio 15
VisualStudioVersion = 15.0.28307.902
MinimumVisualStudioVersion = 10.0.40219.1
Project("{8BC9CEB8-8B4A-11D0-8D11-00A0C91BC942}") = "OpenGL3DGame Tutorial-ThinMatrix", "OpenGL3DGameTutorial-ThinMatrix\OpenGL3DGameTutorial-ThinMatrix.vcxproj", "{09D7D1AF-4DCE-4616-B073-B6DFEA190EDA}"
EndProject
Global
	GlobalSection(SolutionConfigurationPlatforms) = preSolution
		Debug|Win32 = Debug|Win32
		Release|Win32 = Release|Win32
	EndGlobalSection
	GlobalSection(ProjectConfigurationPlatforms) = postSolution
		{09D7D1AF-4DCE-4616-B073-B6DFEA190EDA}.Debug|Win32.ActiveCfg = Debug|Win32
		{09D7D1AF-4DCE-4616-B073-B6DFEA190EDA}.Debug|Win32.Build.0 = Debug|Win32
		{09D7D1AF-4DCE-4616-B073-B6DFEA190EDA}.Release|Win32.ActiveCfg = Release|Win32
		{09D7D1AF-4DCE-4616-B073-B6DFEA190EDA}.Release|Win32.Build.0 = Release|Win32
	EndGlobalSection
	GlobalSection(SolutionProperties) = preSolution
		HideSolutionNode = FALSE
	EndGlobalSection
	GlobalSection(ExtensibilityGlobals) = postSolution
		SolutionGuid = {58696188-5072-4777-9EB1-D74C2E172F37}
	EndGlobalSection
EndGlobal
