<?xml version="1.0" encoding="utf-8"?>
<Project ToolsVersion="4.0" xmlns="http://schemas.microsoft.com/developer/msbuild/2003">
  <ItemGroup>
    <ClCompile Include="Shaders\BasicShader.cpp">
      <Filter>Source</Filter>
    </ClCompile>
    <ClCompile Include="Entities\Camera.cpp">
      <Filter>Source</Filter>
    </ClCompile>
    <ClCompile Include="RenderEngine\DisplayManager.cpp">
      <Filter>Source</Filter>
    </ClCompile>
    <ClCompile Include="RenderEngine\EntityRenderer.cpp">
      <Filter>Source</Filter>
    </ClCompile>
    <ClCompile Include="Entities\FPSCamera.cpp">
      <Filter>Source</Filter>
    </ClCompile>
    <ClCompile Include="Engine\GameManager.cpp">
      <Filter>Source</Filter>
    </ClCompile>
    <ClCompile Include="RenderEngine\Loader.cpp">
      <Filter>Source</Filter>
    </ClCompile>
    <ClCompile Include="main.cpp">
      <Filter>Source</Filter>
    </ClCompile>
    <ClCompile Include="RenderEngine\MasterRenderer.cpp">
      <Filter>Source</Filter>
    </ClCompile>
    <ClCompile Include="Toolbox\Maths.cpp">
      <Filter>Source</Filter>
    </ClCompile>
    <ClCompile Include="RenderEngine\OBJLoader.cpp">
      <Filter>Source</Filter>
    </ClCompile>
    <ClCompile Include="Shaders\ShaderProgram.cpp">
      <Filter>Source</Filter>
    </ClCompile>
    <ClCompile Include="Terrain\Terrain.cpp">
      <Filter>Source</Filter>
    </ClCompile>
    <ClCompile Include="RenderEngine\TerrainRenderer.cpp">
      <Filter>Source</Filter>
    </ClCompile>
    <ClCompile Include="Shaders\TerrainShader.cpp">
      <Filter>Source</Filter>
    </ClCompile>
    <ClCompile Include="RenderEngine\TextRenderer.cpp">
      <Filter>Source</Filter>
    </ClCompile>
    <ClCompile Include="Shaders\TextShader.cpp">
      <Filter>Source</Filter>
    </ClCompile>
    <ClCompile Include="States\MenuState.cpp">
      <Filter>Source</Filter>
    </ClCompile>
    <ClCompile Include="States\RunState.cpp">
      <Filter>Source</Filter>
    </ClCompile>
    <ClCompile Include="UI\MenuItem.cpp">
      <Filter>Source</Filter>
    </ClCompile>
  </ItemGroup>
  <ItemGroup>
    <ClInclude Include="Shaders\BasicShader.h">
      <Filter>Headers</Filter>
    </ClInclude>
    <ClInclude Include="Entities\Camera.h">
      <Filter>Headers</Filter>
    </ClInclude>
    <ClInclude Include="Entities\Entity.h">
      <Filter>Headers</Filter>
    </ClInclude>
    <ClInclude Include="RenderEngine\DisplayManager.h">
      <Filter>Headers</Filter>
    </ClInclude>
    <ClInclude Include="RenderEngine\EntityRenderer.h">
      <Filter>Headers</Filter>
    </ClInclude>
    <ClInclude Include="Entities\FPSCamera.h">
      <Filter>Headers</Filter>
    </ClInclude>
    <ClInclude Include="Engine\GameManager.h">
      <Filter>Headers</Filter>
    </ClInclude>
    <ClInclude Include="Entities\Light.h">
      <Filter>Headers</Filter>
    </ClInclude>
    <ClInclude Include="RenderEngine\Loader.h">
      <Filter>Headers</Filter>
    </ClInclude>
    <ClInclude Include="RenderEngine\MasterRenderer.h">
      <Filter>Headers</Filter>
    </ClInclude>
    <ClInclude Include="Toolbox\Maths.h">
      <Filter>Headers</Filter>
    </ClInclude>
    <ClInclude Include="Textures\ModelTexture.h">
      <Filter>Headers</Filter>
    </ClInclude>
    <ClInclude Include="RenderEngine\OBJLoader.h">
      <Filter>Headers</Filter>
    </ClInclude>
    <ClInclude Include="Models\RawModel.h">
      <Filter>Headers</Filter>
    </ClInclude>
    <ClInclude Include="Shaders\ShaderProgram.h">
      <Filter>Headers</Filter>
    </ClInclude>
    <ClInclude Include="Terrain\Terrain.h">
      <Filter>Headers</Filter>
    </ClInclude>
    <ClInclude Include="RenderEngine\TerrainRenderer.h">
      <Filter>Headers</Filter>
    </ClInclude>
    <ClInclude Include="Shaders\TerrainShader.h">
      <Filter>Headers</Filter>
    </ClInclude>
    <ClInclude Include="RenderEngine\TextRenderer.h">
      <Filter>Headers</Filter>
    </ClInclude>
    <ClInclude Include="Shaders\TextShader.h">
      <Filter>Headers</Filter>
    </ClInclude>
    <ClInclude Include="Models\TexturedModel.h">
      <Filter>Headers</Filter>
    </ClInclude>
    <ClInclude Include="States\GameState.h">
      <Filter>Headers</Filter>
    </ClInclude>
    <ClInclude Include="States\MenuState.h">
      <Filter>Headers</Filter>
    </ClInclude>
    <ClInclude Include="States\RunState.h">
      <Filter>Headers</Filter>
    </ClInclude>
    <ClInclude Include="UI\MenuItem.h">
      <Filter>Headers</Filter>
    </ClInclude>
  </ItemGroup>
  <ItemGroup>
    <None Include="freetype.dll" />
  </ItemGroup>
  <ItemGroup>
    <Filter Include="Headers">
      <UniqueIdentifier>{d429cdb1-7080-4b65-9751-feeb9cacff9b}</UniqueIdentifier>
      <Extensions>h</Extensions>
    </Filter>
    <Filter Include="Source">
      <UniqueIdentifier>{5da77f74-92e5-405a-b29e-e9fa9fd949f1}</UniqueIdentifier>
      <Extensions>cpp</Extensions>
    </Filter>
  </ItemGroup>
</Project>